
Microsoft Visual Studio Solution File, Format Version 12.00
# Visual Studio 15
VisualStudioVersion = 15.0.28307.902
MinimumVisualStudioVersion = 10.0.40219.1
Project("{FAE04EC0-301F-11D3-BF4B-00C04F79EFBC}") = "ExportPlanData", "ExportPlanData.csproj", "{555FCCC5-65CD-4EFD-B681-8776D8EC9935}"
EndProject
Global
	GlobalSection(SolutionConfigurationPlatforms) = preSolution
		Debug|Any CPU = Debug|Any CPU
		Release|Any CPU = Release|Any CPU
	EndGlobalSection
	GlobalSection(ProjectConfigurationPlatforms) = postSolution
		{555FCCC5-65CD-4EFD-B681-8776D8EC9935}.Debug|Any CPU.ActiveCfg = Debug|Any CPU
		{555FCCC5-65CD-4EFD-B681-8776D8EC9935}.Debug|Any CPU.Build.0 = Debug|Any CPU
		{555FCCC5-65CD-4EFD-B681-8776D8EC9935}.Release|Any CPU.ActiveCfg = Release|Any CPU
		{555FCCC5-65CD-4EFD-B681-8776D8EC9935}.Release|Any CPU.Build.0 = Release|Any CPU
	EndGlobalSection
	GlobalSection(SolutionProperties) = preSolution
		HideSolutionNode = FALSE
	EndGlobalSection
	GlobalSection(ExtensibilityGlobals) = postSolution
		SolutionGuid = {39B1F3BD-94DC-4324-A4C8-17DEEA1051AB}
	EndGlobalSection
EndGlobal
